
Microsoft Visual Studio Solution File, Format Version 12.00
# Visual Studio Version 17
VisualStudioVersion = 17.2.32602.215
MinimumVisualStudioVersion = 10.0.40219.1
Project("{FAE04EC0-301F-11D3-BF4B-00C04F79EFBC}") = "session4", "session4\session4.csproj", "{5EDF21DA-43CF-44DA-8042-A93580DDA853}"
EndProject
Project("{FAE04EC0-301F-11D3-BF4B-00C04F79EFBC}") = "cs1", "cs1\cs1.csproj", "{645605AA-EB55-4E3B-84C5-EE3A030ECC49}"
EndProject
Project("{FAE04EC0-301F-11D3-BF4B-00C04F79EFBC}") = "cs2", "cs2\cs2.csproj", "{09548267-6963-47CF-97A6-7DC6613F925F}"
EndProject
Project("{FAE04EC0-301F-11D3-BF4B-00C04F79EFBC}") = "cs3", "cs3\cs3.csproj", "{8E55EA85-F0F0-4B85-A9A3-F3626AFE189D}"
EndProject
Project("{FAE04EC0-301F-11D3-BF4B-00C04F79EFBC}") = "cs4", "cs4\cs4.csproj", "{99CF1F75-B252-4BA9-B20C-6C60AA568655}"
EndProject
Project("{FAE04EC0-301F-11D3-BF4B-00C04F79EFBC}") = "cs5", "cs5\cs5.csproj", "{79CA885A-1DE6-4E3E-A9DE-CA3ED107BF65}"
EndProject
Project("{FAE04EC0-301F-11D3-BF4B-00C04F79EFBC}") = "cs6", "cs6\cs6.csproj", "{D1D387ED-8298-4A5D-98BB-BB486D831CAD}"
EndProject
Project("{FAE04EC0-301F-11D3-BF4B-00C04F79EFBC}") = "cs7", "cs7\cs7.csproj", "{4E06205B-2468-4CB9-9B5B-8302E66995BA}"
EndProject
Project("{FAE04EC0-301F-11D3-BF4B-00C04F79EFBC}") = "cs8", "cs8\cs8.csproj", "{5CFF6618-77A9-48F3-BA66-B5206018F5D2}"
EndProject
Project("{FAE04EC0-301F-11D3-BF4B-00C04F79EFBC}") = "cs9", "cs9\cs9.csproj", "{C490A488-4A42-464A-A1F3-CD2DB57DBC32}"
EndProject
Project("{FAE04EC0-301F-11D3-BF4B-00C04F79EFBC}") = "cs11", "cs11\cs11.csproj", "{64447898-AF99-4D63-9738-1682551A82A7}"
EndProject
Project("{FAE04EC0-301F-11D3-BF4B-00C04F79EFBC}") = "cs12", "cs12\cs12.csproj", "{B1D2B6CB-72DE-481A-86A2-6253F40A8B80}"
EndProject
Project("{FAE04EC0-301F-11D3-BF4B-00C04F79EFBC}") = "cs13", "cs13\cs13.csproj", "{E715C22D-C6B8-48E9-9B5B-CFA987EA8DE4}"
EndProject
Project("{FAE04EC0-301F-11D3-BF4B-00C04F79EFBC}") = "cs14", "cs14\cs14.csproj", "{2BF1B12C-6978-4739-9CFD-0896FC417367}"
EndProject
Project("{FAE04EC0-301F-11D3-BF4B-00C04F79EFBC}") = "cs15", "cs15\cs15.csproj", "{C980CB83-D9CA-4B6C-A2A7-7573CE625BE9}"
EndProject
Project("{FAE04EC0-301F-11D3-BF4B-00C04F79EFBC}") = "cs16", "cs16\cs16.csproj", "{21E7128F-BADD-459C-87FB-A329538F129A}"
EndProject
Project("{FAE04EC0-301F-11D3-BF4B-00C04F79EFBC}") = "cs17", "cs17\cs17.csproj", "{CC8EDA11-13AB-4C57-87A1-07C032E2B3E7}"
EndProject
Project("{FAE04EC0-301F-11D3-BF4B-00C04F79EFBC}") = "cs18", "cs18\cs18.csproj", "{27410FC0-39AA-4CCE-BEFF-FCB64BBDD8C4}"
EndProject
Project("{FAE04EC0-301F-11D3-BF4B-00C04F79EFBC}") = "cs19", "cs19\cs19.csproj", "{6B0498C7-2ACB-40E9-A0C8-12633676D57D}"
EndProject
Project("{FAE04EC0-301F-11D3-BF4B-00C04F79EFBC}") = "cs20", "cs20\cs20.csproj", "{01E18DF4-4503-4AEE-9443-096A0D74CBF1}"
EndProject
Project("{FAE04EC0-301F-11D3-BF4B-00C04F79EFBC}") = "cs21", "cs21\cs21.csproj", "{5117CD85-8C61-4946-B027-B1A8C80B68A9}"
EndProject
Project("{FAE04EC0-301F-11D3-BF4B-00C04F79EFBC}") = "cs22", "cs22\cs22.csproj", "{814A94CF-F2E8-4024-B013-E19D3A863CA6}"
EndProject
Project("{FAE04EC0-301F-11D3-BF4B-00C04F79EFBC}") = "cs23", "cs23\cs23.csproj", "{3FB8A761-0007-4411-870C-6279E16E0162}"
EndProject
Project("{FAE04EC0-301F-11D3-BF4B-00C04F79EFBC}") = "cs24", "cs24\cs24.csproj", "{B3B4D08B-FFC2-4115-99C2-E7977846E2A1}"
EndProject
Global
	GlobalSection(SolutionConfigurationPlatforms) = preSolution
		Debug|Any CPU = Debug|Any CPU
		Release|Any CPU = Release|Any CPU
	EndGlobalSection
	GlobalSection(ProjectConfigurationPlatforms) = postSolution
		{5EDF21DA-43CF-44DA-8042-A93580DDA853}.Debug|Any CPU.ActiveCfg = Debug|Any CPU
		{5EDF21DA-43CF-44DA-8042-A93580DDA853}.Debug|Any CPU.Build.0 = Debug|Any CPU
		{5EDF21DA-43CF-44DA-8042-A93580DDA853}.Release|Any CPU.ActiveCfg = Release|Any CPU
		{5EDF21DA-43CF-44DA-8042-A93580DDA853}.Release|Any CPU.Build.0 = Release|Any CPU
		{645605AA-EB55-4E3B-84C5-EE3A030ECC49}.Debug|Any CPU.ActiveCfg = Debug|Any CPU
		{645605AA-EB55-4E3B-84C5-EE3A030ECC49}.Debug|Any CPU.Build.0 = Debug|Any CPU
		{645605AA-EB55-4E3B-84C5-EE3A030ECC49}.Release|Any CPU.ActiveCfg = Release|Any CPU
		{645605AA-EB55-4E3B-84C5-EE3A030ECC49}.Release|Any CPU.Build.0 = Release|Any CPU
		{09548267-6963-47CF-97A6-7DC6613F925F}.Debug|Any CPU.ActiveCfg = Debug|Any CPU
		{09548267-6963-47CF-97A6-7DC6613F925F}.Debug|Any CPU.Build.0 = Debug|Any CPU
		{09548267-6963-47CF-97A6-7DC6613F925F}.Release|Any CPU.ActiveCfg = Release|Any CPU
		{09548267-6963-47CF-97A6-7DC6613F925F}.Release|Any CPU.Build.0 = Release|Any CPU
		{8E55EA85-F0F0-4B85-A9A3-F3626AFE189D}.Debug|Any CPU.ActiveCfg = Debug|Any CPU
		{8E55EA85-F0F0-4B85-A9A3-F3626AFE189D}.Debug|Any CPU.Build.0 = Debug|Any CPU
		{8E55EA85-F0F0-4B85-A9A3-F3626AFE189D}.Release|Any CPU.ActiveCfg = Release|Any CPU
		{8E55EA85-F0F0-4B85-A9A3-F3626AFE189D}.Release|Any CPU.Build.0 = Release|Any CPU
		{99CF1F75-B252-4BA9-B20C-6C60AA568655}.Debug|Any CPU.ActiveCfg = Debug|Any CPU
		{99CF1F75-B252-4BA9-B20C-6C60AA568655}.Debug|Any CPU.Build.0 = Debug|Any CPU
		{99CF1F75-B252-4BA9-B20C-6C60AA568655}.Release|Any CPU.ActiveCfg = Release|Any CPU
		{99CF1F75-B252-4BA9-B20C-6C60AA568655}.Release|Any CPU.Build.0 = Release|Any CPU
		{79CA885A-1DE6-4E3E-A9DE-CA3ED107BF65}.Debug|Any CPU.ActiveCfg = Debug|Any CPU
		{79CA885A-1DE6-4E3E-A9DE-CA3ED107BF65}.Debug|Any CPU.Build.0 = Debug|Any CPU
		{79CA885A-1DE6-4E3E-A9DE-CA3ED107BF65}.Release|Any CPU.ActiveCfg = Release|Any CPU
		{79CA885A-1DE6-4E3E-A9DE-CA3ED107BF65}.Release|Any CPU.Build.0 = Release|Any CPU
		{D1D387ED-8298-4A5D-98BB-BB486D831CAD}.Debug|Any CPU.ActiveCfg = Debug|Any CPU
		{D1D387ED-8298-4A5D-98BB-BB486D831CAD}.Debug|Any CPU.Build.0 = Debug|Any CPU
		{D1D387ED-8298-4A5D-98BB-BB486D831CAD}.Release|Any CPU.ActiveCfg = Release|Any CPU
		{D1D387ED-8298-4A5D-98BB-BB486D831CAD}.Release|Any CPU.Build.0 = Release|Any CPU
		{4E06205B-2468-4CB9-9B5B-8302E66995BA}.Debug|Any CPU.ActiveCfg = Debug|Any CPU
		{4E06205B-2468-4CB9-9B5B-8302E66995BA}.Debug|Any CPU.Build.0 = Debug|Any CPU
		{4E06205B-2468-4CB9-9B5B-8302E66995BA}.Release|Any CPU.ActiveCfg = Release|Any CPU
		{4E06205B-2468-4CB9-9B5B-8302E66995BA}.Release|Any CPU.Build.0 = Release|Any CPU
		{5CFF6618-77A9-48F3-BA66-B5206018F5D2}.Debug|Any CPU.ActiveCfg = Debug|Any CPU
		{5CFF6618-77A9-48F3-BA66-B5206018F5D2}.Debug|Any CPU.Build.0 = Debug|Any CPU
		{5CFF6618-77A9-48F3-BA66-B5206018F5D2}.Release|Any CPU.ActiveCfg = Release|Any CPU
		{5CFF6618-77A9-48F3-BA66-B5206018F5D2}.Release|Any CPU.Build.0 = Release|Any CPU
		{C490A488-4A42-464A-A1F3-CD2DB57DBC32}.Debug|Any CPU.ActiveCfg = Debug|Any CPU
		{C490A488-4A42-464A-A1F3-CD2DB57DBC32}.Debug|Any CPU.Build.0 = Debug|Any CPU
		{C490A488-4A42-464A-A1F3-CD2DB57DBC32}.Release|Any CPU.ActiveCfg = Release|Any CPU
		{C490A488-4A42-464A-A1F3-CD2DB57DBC32}.Release|Any CPU.Build.0 = Release|Any CPU
		{64447898-AF99-4D63-9738-1682551A82A7}.Debug|Any CPU.ActiveCfg = Debug|Any CPU
		{64447898-AF99-4D63-9738-1682551A82A7}.Debug|Any CPU.Build.0 = Debug|Any CPU
		{64447898-AF99-4D63-9738-1682551A82A7}.Release|Any CPU.ActiveCfg = Release|Any CPU
		{64447898-AF99-4D63-9738-1682551A82A7}.Release|Any CPU.Build.0 = Release|Any CPU
		{B1D2B6CB-72DE-481A-86A2-6253F40A8B80}.Debug|Any CPU.ActiveCfg = Debug|Any CPU
		{B1D2B6CB-72DE-481A-86A2-6253F40A8B80}.Debug|Any CPU.Build.0 = Debug|Any CPU
		{B1D2B6CB-72DE-481A-86A2-6253F40A8B80}.Release|Any CPU.ActiveCfg = Release|Any CPU
		{B1D2B6CB-72DE-481A-86A2-6253F40A8B80}.Release|Any CPU.Build.0 = Release|Any CPU
		{E715C22D-C6B8-48E9-9B5B-CFA987EA8DE4}.Debug|Any CPU.ActiveCfg = Debug|Any CPU
		{E715C22D-C6B8-48E9-9B5B-CFA987EA8DE4}.Debug|Any CPU.Build.0 = Debug|Any CPU
		{E715C22D-C6B8-48E9-9B5B-CFA987EA8DE4}.Release|Any CPU.ActiveCfg = Release|Any CPU
		{E715C22D-C6B8-48E9-9B5B-CFA987EA8DE4}.Release|Any CPU.Build.0 = Release|Any CPU
		{2BF1B12C-6978-4739-9CFD-0896FC417367}.Debug|Any CPU.ActiveCfg = Debug|Any CPU
		{2BF1B12C-6978-4739-9CFD-0896FC417367}.Debug|Any CPU.Build.0 = Debug|Any CPU
		{2BF1B12C-6978-4739-9CFD-0896FC417367}.Release|Any CPU.ActiveCfg = Release|Any CPU
		{2BF1B12C-6978-4739-9CFD-0896FC417367}.Release|Any CPU.Build.0 = Release|Any CPU
		{C980CB83-D9CA-4B6C-A2A7-7573CE625BE9}.Debug|Any CPU.ActiveCfg = Debug|Any CPU
		{C980CB83-D9CA-4B6C-A2A7-7573CE625BE9}.Debug|Any CPU.Build.0 = Debug|Any CPU
		{C980CB83-D9CA-4B6C-A2A7-7573CE625BE9}.Release|Any CPU.ActiveCfg = Release|Any CPU
		{C980CB83-D9CA-4B6C-A2A7-7573CE625BE9}.Release|Any CPU.Build.0 = Release|Any CPU
		{21E7128F-BADD-459C-87FB-A329538F129A}.Debug|Any CPU.ActiveCfg = Debug|Any CPU
		{21E7128F-BADD-459C-87FB-A329538F129A}.Debug|Any CPU.Build.0 = Debug|Any CPU
		{21E7128F-BADD-459C-87FB-A329538F129A}.Release|Any CPU.ActiveCfg = Release|Any CPU
		{21E7128F-BADD-459C-87FB-A329538F129A}.Release|Any CPU.Build.0 = Release|Any CPU
		{CC8EDA11-13AB-4C57-87A1-07C032E2B3E7}.Debug|Any CPU.ActiveCfg = Debug|Any CPU
		{CC8EDA11-13AB-4C57-87A1-07C032E2B3E7}.Debug|Any CPU.Build.0 = Debug|Any CPU
		{CC8EDA11-13AB-4C57-87A1-07C032E2B3E7}.Release|Any CPU.ActiveCfg = Release|Any CPU
		{CC8EDA11-13AB-4C57-87A1-07C032E2B3E7}.Release|Any CPU.Build.0 = Release|Any CPU
		{27410FC0-39AA-4CCE-BEFF-FCB64BBDD8C4}.Debug|Any CPU.ActiveCfg = Debug|Any CPU
		{27410FC0-39AA-4CCE-BEFF-FCB64BBDD8C4}.Debug|Any CPU.Build.0 = Debug|Any CPU
		{27410FC0-39AA-4CCE-BEFF-FCB64BBDD8C4}.Release|Any CPU.ActiveCfg = Release|Any CPU
		{27410FC0-39AA-4CCE-BEFF-FCB64BBDD8C4}.Release|Any CPU.Build.0 = Release|Any CPU
		{6B0498C7-2ACB-40E9-A0C8-12633676D57D}.Debug|Any CPU.ActiveCfg = Debug|Any CPU
		{6B0498C7-2ACB-40E9-A0C8-12633676D57D}.Debug|Any CPU.Build.0 = Debug|Any CPU
		{6B0498C7-2ACB-40E9-A0C8-12633676D57D}.Release|Any CPU.ActiveCfg = Release|Any CPU
		{6B0498C7-2ACB-40E9-A0C8-12633676D57D}.Release|Any CPU.Build.0 = Release|Any CPU
		{01E18DF4-4503-4AEE-9443-096A0D74CBF1}.Debug|Any CPU.ActiveCfg = Debug|Any CPU
		{01E18DF4-4503-4AEE-9443-096A0D74CBF1}.Debug|Any CPU.Build.0 = Debug|Any CPU
		{01E18DF4-4503-4AEE-9443-096A0D74CBF1}.Release|Any CPU.ActiveCfg = Release|Any CPU
		{01E18DF4-4503-4AEE-9443-096A0D74CBF1}.Release|Any CPU.Build.0 = Release|Any CPU
		{5117CD85-8C61-4946-B027-B1A8C80B68A9}.Debug|Any CPU.ActiveCfg = Debug|Any CPU
		{5117CD85-8C61-4946-B027-B1A8C80B68A9}.Debug|Any CPU.Build.0 = Debug|Any CPU
		{5117CD85-8C61-4946-B027-B1A8C80B68A9}.Release|Any CPU.ActiveCfg = Release|Any CPU
		{5117CD85-8C61-4946-B027-B1A8C80B68A9}.Release|Any CPU.Build.0 = Release|Any CPU
		{814A94CF-F2E8-4024-B013-E19D3A863CA6}.Debug|Any CPU.ActiveCfg = Debug|Any CPU
		{814A94CF-F2E8-4024-B013-E19D3A863CA6}.Debug|Any CPU.Build.0 = Debug|Any CPU
		{814A94CF-F2E8-4024-B013-E19D3A863CA6}.Release|Any CPU.ActiveCfg = Release|Any CPU
		{814A94CF-F2E8-4024-B013-E19D3A863CA6}.Release|Any CPU.Build.0 = Release|Any CPU
		{3FB8A761-0007-4411-870C-6279E16E0162}.Debug|Any CPU.ActiveCfg = Debug|Any CPU
		{3FB8A761-0007-4411-870C-6279E16E0162}.Debug|Any CPU.Build.0 = Debug|Any CPU
		{3FB8A761-0007-4411-870C-6279E16E0162}.Release|Any CPU.ActiveCfg = Release|Any CPU
		{3FB8A761-0007-4411-870C-6279E16E0162}.Release|Any CPU.Build.0 = Release|Any CPU
		{B3B4D08B-FFC2-4115-99C2-E7977846E2A1}.Debug|Any CPU.ActiveCfg = Debug|Any CPU
		{B3B4D08B-FFC2-4115-99C2-E7977846E2A1}.Debug|Any CPU.Build.0 = Debug|Any CPU
		{B3B4D08B-FFC2-4115-99C2-E7977846E2A1}.Release|Any CPU.ActiveCfg = Release|Any CPU
		{B3B4D08B-FFC2-4115-99C2-E7977846E2A1}.Release|Any CPU.Build.0 = Release|Any CPU
	EndGlobalSection
	GlobalSection(SolutionProperties) = preSolution
		HideSolutionNode = FALSE
	EndGlobalSection
	GlobalSection(ExtensibilityGlobals) = postSolution
		SolutionGuid = {FF2BD4F6-90D7-4066-8873-298CA9CE8D45}
	EndGlobalSection
EndGlobal
